lockfileVersion: '9.0'

settings:
  autoInstallPeers: true
  excludeLinksFromLockfile: false

importers:

  .:
    devDependencies:
      bats:
        specifier: ^1.13.0
        version: 1.13.0

packages:

  bats@1.13.0:
    resolution: {integrity: sha512-giSYKGTOcPZyJDbfbTtzAedLcNWdjCLbXYU3/MwPnjyvDXzu6Dgw8d2M+8jHhZXSmsCMSQqCp+YBsJ603UO4vQ==}
    hasBin: true

snapshots:

  bats@1.13.0: {}
